
Microsoft Visual Studio Solution File, Format Version 12.00
# Visual Studio Version 16
VisualStudioVersion = 16.0.34114.132
MinimumVisualStudioVersion = 10.0.40219.1
Project("{FAE04EC0-301F-11D3-BF4B-00C04F79EFBC}") = "SimpleVideoCall", "SimpleVideoCall\SimpleVideoCall.csproj", "{30092190-46E5-40D8-8F93-5E4C1F8C6CD3}"
EndProject
Global
	GlobalSection(SolutionConfigurationPlatforms) = preSolution
		Debug|Any CPU = Debug|Any CPU
		Release|Any CPU = Release|Any CPU
	EndGlobalSection
	GlobalSection(ProjectConfigurationPlatforms) = postSolution
		{30092190-46E5-40D8-8F93-5E4C1F8C6CD3}.Debug|Any CPU.ActiveCfg = Debug|Any CPU
		{30092190-46E5-40D8-8F93-5E4C1F8C6CD3}.Debug|Any CPU.Build.0 = Debug|Any CPU
		{30092190-46E5-40D8-8F93-5E4C1F8C6CD3}.Release|Any CPU.ActiveCfg = Release|Any CPU
		{30092190-46E5-40D8-8F93-5E4C1F8C6CD3}.Release|Any CPU.Build.0 = Release|Any CPU
	EndGlobalSection
	GlobalSection(SolutionProperties) = preSolution
		HideSolutionNode = FALSE
	EndGlobalSection
	GlobalSection(ExtensibilityGlobals) = postSolution
		SolutionGuid = {96AC2B24-2410-4582-A60E-BB9600618DB3}
	EndGlobalSection
EndGlobal
